
Microsoft Visual Studio Solution File, Format Version 12.00
# Visual Studio Version 16
VisualStudioVersion = 16.0.31112.23
MinimumVisualStudioVersion = 10.0.40219.1
Project("{FAE04EC0-301F-11D3-BF4B-00C04F79EFBC}") = "TesteSyncFusion", "TesteSyncFusion.csproj", "{42F06C09-DAF7-4EE2-8C46-CA656A81CE56}"
EndProject
Global
	GlobalSection(SolutionConfigurationPlatforms) = preSolution
		Debug|Any CPU = Debug|Any CPU
		Release|Any CPU = Release|Any CPU
	EndGlobalSection
	GlobalSection(ProjectConfigurationPlatforms) = postSolution
		{42F06C09-DAF7-4EE2-8C46-CA656A81CE56}.Debug|Any CPU.ActiveCfg = Debug|Any CPU
		{42F06C09-DAF7-4EE2-8C46-CA656A81CE56}.Debug|Any CPU.Build.0 = Debug|Any CPU
		{42F06C09-DAF7-4EE2-8C46-CA656A81CE56}.Release|Any CPU.ActiveCfg = Release|Any CPU
		{42F06C09-DAF7-4EE2-8C46-CA656A81CE56}.Release|Any CPU.Build.0 = Release|Any CPU
	EndGlobalSection
	GlobalSection(SolutionProperties) = preSolution
		HideSolutionNode = FALSE
	EndGlobalSection
	GlobalSection(ExtensibilityGlobals) = postSolution
		SolutionGuid = {7CAD8F18-A36B-4AF2-A78D-681EED842A75}
	EndGlobalSection
EndGlobal
